
Microsoft Visual Studio Solution File, Format Version 12.00
# Visual Studio Version 17
VisualStudioVersion = 17.14.36414.22
MinimumVisualStudioVersion = 10.0.40219.1
Project("{2150E333-8FDC-42A3-9474-1A3956D46DE8}") = "Task3", "Task3", "{02EA681E-C7D8-13C7-8484-4AC65E1B71E8}"
EndProject
Project("{FAE04EC0-301F-11D3-BF4B-00C04F79EFBC}") = "Tyuiu.Burmistrovns.Sprint0.Task3.V0", "Tyuiu.Burmistrovns.Sprint0.Task3.V0\Tyuiu.Burmistrovns.Sprint0.Task3.V0.csproj", "{CC17F4B3-88ED-45D6-9413-62BD2E63CBED}"
EndProject
Project("{FAE04EC0-301F-11D3-BF4B-00C04F79EFBC}") = "Tyuiu.Burmistrovns.Sprint0.Task3.V0.Lib", "Tyuiu.Burmistrovns.Sprint0.Task3.V0.Lib\Tyuiu.Burmistrovns.Sprint0.Task3.V0.Lib.csproj", "{2CA86000-465D-41BC-B8BF-41AAA8D1906E}"
EndProject
Project("{FAE04EC0-301F-11D3-BF4B-00C04F79EFBC}") = "Tyuiu.Burmistrovns.Sprint0.Task3.V0.Test", "Tyuiu.Burmistrovns.Sprint0.Task3.V0.Test\Tyuiu.Burmistrovns.Sprint0.Task3.V0.Test.csproj", "{2CE82E51-C3CB-4DCB-8309-703A41272126}"
EndProject
Project("{2150E333-8FDC-42A3-9474-1A3956D46DE8}") = "Task4", "Task4", "{561C752F-67B5-4127-93FC-BBEA33101656}"
EndProject
Project("{FAE04EC0-301F-11D3-BF4B-00C04F79EFBC}") = "Tyuiu.Burmistrovns.Sprint0.Task4.V0", "Tyuiu.Burmistrovns.Sprint0.Task4.V0\Tyuiu.Burmistrovns.Sprint0.Task4.V0.csproj", "{746E2F25-415F-4E25-B05F-81BF02881C22}"
EndProject
Project("{FAE04EC0-301F-11D3-BF4B-00C04F79EFBC}") = "Tyuiu.Burmistrovns.Sprint0.Task4.V0.Lib", "Tyuiu.Burmistrovns.Sprint0.Task4.V0.Lib\Tyuiu.Burmistrovns.Sprint0.Task4.V0.Lib.csproj", "{E9818D40-BB0F-4DFF-9066-DA05C972F1DF}"
EndProject
Project("{FAE04EC0-301F-11D3-BF4B-00C04F79EFBC}") = "Tyuiu.Burmistrovns.Sprint0.Task4.V0.Test", "Tyuiu.Burmistrovns.Sprint0.Task4.V0.Test\Tyuiu.Burmistrovns.Sprint0.Task4.V0.Test.csproj", "{4465914E-1003-4FC9-8BC0-7DCF02A6DDD2}"
EndProject
Project("{2150E333-8FDC-42A3-9474-1A3956D46DE8}") = "Task5", "Task5", "{69399536-8DBF-45CD-AFE1-EAC1F2ED758B}"
EndProject
Project("{FAE04EC0-301F-11D3-BF4B-00C04F79EFBC}") = "Tyuiu.Burmistrovns.Sprint0.Task5.V0", "Tyuiu.Burmistrovns.Sprint0.Task5.V0\Tyuiu.Burmistrovns.Sprint0.Task5.V0.csproj", "{20347F9E-BEF1-4144-B619-B3D009ECD433}"
EndProject
Project("{FAE04EC0-301F-11D3-BF4B-00C04F79EFBC}") = "Tyuiu.Burmistrovns.Sprint0.Task5.V0.Lib", "Tyuiu.Burmistrovns.Sprint0.Task5.V0.Lib\Tyuiu.Burmistrovns.Sprint0.Task5.V0.Lib.csproj", "{BDE352E3-C154-4022-9537-BAA0A5760AC9}"
EndProject
Project("{FAE04EC0-301F-11D3-BF4B-00C04F79EFBC}") = "Tyuiu.Burmistrovns.Sprint0.Task5.V0.Test", "Tyuiu.Burmistrovns.Sprint0.Task5.V0.Test\Tyuiu.Burmistrovns.Sprint0.Task5.V0.Test.csproj", "{65C12B6B-32B7-48C9-9543-29AE583D9644}"
EndProject
Project("{2150E333-8FDC-42A3-9474-1A3956D46DE8}") = "Task6", "Task6", "{580559ED-E898-464A-B07C-A129889AFACE}"
EndProject
Project("{FAE04EC0-301F-11D3-BF4B-00C04F79EFBC}") = "Tyuiu.Burmistrovns.Sprint0.Task6.V0", "Tyuiu.Burmistrovns.Sprint0.Task6.V0\Tyuiu.Burmistrovns.Sprint0.Task6.V0.csproj", "{3ECCA458-B60E-4CD1-8ED2-CEA6BBB28348}"
EndProject
Project("{FAE04EC0-301F-11D3-BF4B-00C04F79EFBC}") = "Tyuiu.Burmistrovns.Sprint0.Task6.V0.Lib", "Tyuiu.Burmistrovns.Sprint0.Task6.V0.Lib\Tyuiu.Burmistrovns.Sprint0.Task6.V0.Lib.csproj", "{76B22F6B-997F-4C25-A4E2-8C36611D830B}"
EndProject
Project("{FAE04EC0-301F-11D3-BF4B-00C04F79EFBC}") = "Tyuiu.Burmistrovns.Sprint0.Task6.V0.Test", "Tyuiu.Burmistrovns.Sprint0.Task6.V0.Test\Tyuiu.Burmistrovns.Sprint0.Task6.V0.Test.csproj", "{1C698699-72D5-49E9-8730-906C47B66ED7}"
EndProject
Project("{2150E333-8FDC-42A3-9474-1A3956D46DE8}") = "Task7", "Task7", "{5EBBD53F-C8CF-4712-90C5-385ECB9E4D41}"
EndProject
Project("{FAE04EC0-301F-11D3-BF4B-00C04F79EFBC}") = "Tyuiu.Burmistrovns.Sprint0.Task7.V0", "Tyuiu.Burmistrovns.Sprint0.Task7.V0\Tyuiu.Burmistrovns.Sprint0.Task7.V0.csproj", "{3A06CC26-E55F-41B1-BAA4-952D6FEFF919}"
EndProject
Project("{FAE04EC0-301F-11D3-BF4B-00C04F79EFBC}") = "Tyuiu.Burmistrovns.Sprint0.Task7.V0.Lib", "Tyuiu.Burmistrovns.Sprint0.Task7.V0.Lib\Tyuiu.Burmistrovns.Sprint0.Task7.V0.Lib.csproj", "{D72E65A4-36C3-4F53-85AA-26617984125B}"
EndProject
Project("{FAE04EC0-301F-11D3-BF4B-00C04F79EFBC}") = "Tyuiu.Burmistrovns.Sprint0.Task7.V0.Test", "Tyuiu.Burmistrovns.Sprint0.Task7.V0.Test\Tyuiu.Burmistrovns.Sprint0.Task7.V0.Test.csproj", "{03A3DA5D-B52B-4995-9254-E701083B688E}"
EndProject
Global
	GlobalSection(SolutionConfigurationPlatforms) = preSolution
		Debug|Any CPU = Debug|Any CPU
		Release|Any CPU = Release|Any CPU
	EndGlobalSection
	GlobalSection(ProjectConfigurationPlatforms) = postSolution
		{CC17F4B3-88ED-45D6-9413-62BD2E63CBED}.Debug|Any CPU.ActiveCfg = Debug|Any CPU
		{CC17F4B3-88ED-45D6-9413-62BD2E63CBED}.Debug|Any CPU.Build.0 = Debug|Any CPU
		{CC17F4B3-88ED-45D6-9413-62BD2E63CBED}.Release|Any CPU.ActiveCfg = Release|Any CPU
		{CC17F4B3-88ED-45D6-9413-62BD2E63CBED}.Release|Any CPU.Build.0 = Release|Any CPU
		{2CA86000-465D-41BC-B8BF-41AAA8D1906E}.Debug|Any CPU.ActiveCfg = Debug|Any CPU
		{2CA86000-465D-41BC-B8BF-41AAA8D1906E}.Debug|Any CPU.Build.0 = Debug|Any CPU
		{2CA86000-465D-41BC-B8BF-41AAA8D1906E}.Release|Any CPU.ActiveCfg = Release|Any CPU
		{2CA86000-465D-41BC-B8BF-41AAA8D1906E}.Release|Any CPU.Build.0 = Release|Any CPU
		{2CE82E51-C3CB-4DCB-8309-703A41272126}.Debug|Any CPU.ActiveCfg = Debug|Any CPU
		{2CE82E51-C3CB-4DCB-8309-703A41272126}.Debug|Any CPU.Build.0 = Debug|Any CPU
		{2CE82E51-C3CB-4DCB-8309-703A41272126}.Release|Any CPU.ActiveCfg = Release|Any CPU
		{2CE82E51-C3CB-4DCB-8309-703A41272126}.Release|Any CPU.Build.0 = Release|Any CPU
		{746E2F25-415F-4E25-B05F-81BF02881C22}.Debug|Any CPU.ActiveCfg = Debug|Any CPU
		{746E2F25-415F-4E25-B05F-81BF02881C22}.Debug|Any CPU.Build.0 = Debug|Any CPU
		{746E2F25-415F-4E25-B05F-81BF02881C22}.Release|Any CPU.ActiveCfg = Release|Any CPU
		{746E2F25-415F-4E25-B05F-81BF02881C22}.Release|Any CPU.Build.0 = Release|Any CPU
		{E9818D40-BB0F-4DFF-9066-DA05C972F1DF}.Debug|Any CPU.ActiveCfg = Debug|Any CPU
		{E9818D40-BB0F-4DFF-9066-DA05C972F1DF}.Debug|Any CPU.Build.0 = Debug|Any CPU
		{E9818D40-BB0F-4DFF-9066-DA05C972F1DF}.Release|Any CPU.ActiveCfg = Release|Any CPU
		{E9818D40-BB0F-4DFF-9066-DA05C972F1DF}.Release|Any CPU.Build.0 = Release|Any CPU
		{4465914E-1003-4FC9-8BC0-7DCF02A6DDD2}.Debug|Any CPU.ActiveCfg = Debug|Any CPU
		{4465914E-1003-4FC9-8BC0-7DCF02A6DDD2}.Debug|Any CPU.Build.0 = Debug|Any CPU
		{4465914E-1003-4FC9-8BC0-7DCF02A6DDD2}.Release|Any CPU.ActiveCfg = Release|Any CPU
		{4465914E-1003-4FC9-8BC0-7DCF02A6DDD2}.Release|Any CPU.Build.0 = Release|Any CPU
		{20347F9E-BEF1-4144-B619-B3D009ECD433}.Debug|Any CPU.ActiveCfg = Debug|Any CPU
		{20347F9E-BEF1-4144-B619-B3D009ECD433}.Debug|Any CPU.Build.0 = Debug|Any CPU
		{20347F9E-BEF1-4144-B619-B3D009ECD433}.Release|Any CPU.ActiveCfg = Release|Any CPU
		{20347F9E-BEF1-4144-B619-B3D009ECD433}.Release|Any CPU.Build.0 = Release|Any CPU
		{BDE352E3-C154-4022-9537-BAA0A5760AC9}.Debug|Any CPU.ActiveCfg = Debug|Any CPU
		{BDE352E3-C154-4022-9537-BAA0A5760AC9}.Debug|Any CPU.Build.0 = Debug|Any CPU
		{BDE352E3-C154-4022-9537-BAA0A5760AC9}.Release|Any CPU.ActiveCfg = Release|Any CPU
		{BDE352E3-C154-4022-9537-BAA0A5760AC9}.Release|Any CPU.Build.0 = Release|Any CPU
		{65C12B6B-32B7-48C9-9543-29AE583D9644}.Debug|Any CPU.ActiveCfg = Debug|Any CPU
		{65C12B6B-32B7-48C9-9543-29AE583D9644}.Debug|Any CPU.Build.0 = Debug|Any CPU
		{65C12B6B-32B7-48C9-9543-29AE583D9644}.Release|Any CPU.ActiveCfg = Release|Any CPU
		{65C12B6B-32B7-48C9-9543-29AE583D9644}.Release|Any CPU.Build.0 = Release|Any CPU
		{3ECCA458-B60E-4CD1-8ED2-CEA6BBB28348}.Debug|Any CPU.ActiveCfg = Debug|Any CPU
		{3ECCA458-B60E-4CD1-8ED2-CEA6BBB28348}.Debug|Any CPU.Build.0 = Debug|Any CPU
		{3ECCA458-B60E-4CD1-8ED2-CEA6BBB28348}.Release|Any CPU.ActiveCfg = Release|Any CPU
		{3ECCA458-B60E-4CD1-8ED2-CEA6BBB28348}.Release|Any CPU.Build.0 = Release|Any CPU
		{76B22F6B-997F-4C25-A4E2-8C36611D830B}.Debug|Any CPU.ActiveCfg = Debug|Any CPU
		{76B22F6B-997F-4C25-A4E2-8C36611D830B}.Debug|Any CPU.Build.0 = Debug|Any CPU
		{76B22F6B-997F-4C25-A4E2-8C36611D830B}.Release|Any CPU.ActiveCfg = Release|Any CPU
		{76B22F6B-997F-4C25-A4E2-8C36611D830B}.Release|Any CPU.Build.0 = Release|Any CPU
		{1C698699-72D5-49E9-8730-906C47B66ED7}.Debug|Any CPU.ActiveCfg = Debug|Any CPU
		{1C698699-72D5-49E9-8730-906C47B66ED7}.Debug|Any CPU.Build.0 = Debug|Any CPU
		{1C698699-72D5-49E9-8730-906C47B66ED7}.Release|Any CPU.ActiveCfg = Release|Any CPU
		{1C698699-72D5-49E9-8730-906C47B66ED7}.Release|Any CPU.Build.0 = Release|Any CPU
		{3A06CC26-E55F-41B1-BAA4-952D6FEFF919}.Debug|Any CPU.ActiveCfg = Debug|Any CPU
		{3A06CC26-E55F-41B1-BAA4-952D6FEFF919}.Debug|Any CPU.Build.0 = Debug|Any CPU
		{3A06CC26-E55F-41B1-BAA4-952D6FEFF919}.Release|Any CPU.ActiveCfg = Release|Any CPU
		{3A06CC26-E55F-41B1-BAA4-952D6FEFF919}.Release|Any CPU.Build.0 = Release|Any CPU
		{D72E65A4-36C3-4F53-85AA-26617984125B}.Debug|Any CPU.ActiveCfg = Debug|Any CPU
		{D72E65A4-36C3-4F53-85AA-26617984125B}.Debug|Any CPU.Build.0 = Debug|Any CPU
		{D72E65A4-36C3-4F53-85AA-26617984125B}.Release|Any CPU.ActiveCfg = Release|Any CPU
		{D72E65A4-36C3-4F53-85AA-26617984125B}.Release|Any CPU.Build.0 = Release|Any CPU
		{03A3DA5D-B52B-4995-9254-E701083B688E}.Debug|Any CPU.ActiveCfg = Debug|Any CPU
		{03A3DA5D-B52B-4995-9254-E701083B688E}.Debug|Any CPU.Build.0 = Debug|Any CPU
		{03A3DA5D-B52B-4995-9254-E701083B688E}.Release|Any CPU.ActiveCfg = Release|Any CPU
		{03A3DA5D-B52B-4995-9254-E701083B688E}.Release|Any CPU.Build.0 = Release|Any CPU
	EndGlobalSection
	GlobalSection(SolutionProperties) = preSolution
		HideSolutionNode = FALSE
	EndGlobalSection
	GlobalSection(NestedProjects) = preSolution
		{CC17F4B3-88ED-45D6-9413-62BD2E63CBED} = {02EA681E-C7D8-13C7-8484-4AC65E1B71E8}
		{2CA86000-465D-41BC-B8BF-41AAA8D1906E} = {02EA681E-C7D8-13C7-8484-4AC65E1B71E8}
		{2CE82E51-C3CB-4DCB-8309-703A41272126} = {02EA681E-C7D8-13C7-8484-4AC65E1B71E8}
		{746E2F25-415F-4E25-B05F-81BF02881C22} = {561C752F-67B5-4127-93FC-BBEA33101656}
		{E9818D40-BB0F-4DFF-9066-DA05C972F1DF} = {561C752F-67B5-4127-93FC-BBEA33101656}
		{4465914E-1003-4FC9-8BC0-7DCF02A6DDD2} = {561C752F-67B5-4127-93FC-BBEA33101656}
		{20347F9E-BEF1-4144-B619-B3D009ECD433} = {69399536-8DBF-45CD-AFE1-EAC1F2ED758B}
		{BDE352E3-C154-4022-9537-BAA0A5760AC9} = {69399536-8DBF-45CD-AFE1-EAC1F2ED758B}
		{65C12B6B-32B7-48C9-9543-29AE583D9644} = {69399536-8DBF-45CD-AFE1-EAC1F2ED758B}
		{3ECCA458-B60E-4CD1-8ED2-CEA6BBB28348} = {580559ED-E898-464A-B07C-A129889AFACE}
		{76B22F6B-997F-4C25-A4E2-8C36611D830B} = {580559ED-E898-464A-B07C-A129889AFACE}
		{1C698699-72D5-49E9-8730-906C47B66ED7} = {580559ED-E898-464A-B07C-A129889AFACE}
		{3A06CC26-E55F-41B1-BAA4-952D6FEFF919} = {5EBBD53F-C8CF-4712-90C5-385ECB9E4D41}
		{D72E65A4-36C3-4F53-85AA-26617984125B} = {5EBBD53F-C8CF-4712-90C5-385ECB9E4D41}
		{03A3DA5D-B52B-4995-9254-E701083B688E} = {5EBBD53F-C8CF-4712-90C5-385ECB9E4D41}
	EndGlobalSection
	GlobalSection(ExtensibilityGlobals) = postSolution
		SolutionGuid = {3AC1883A-E4C0-4E7B-BD88-F84462DE98FA}
	EndGlobalSection
EndGlobal
